
Microsoft Visual Studio Solution File, Format Version 12.00
# Visual Studio Version 16
VisualStudioVersion = 16.0.28606.126
MinimumVisualStudioVersion = 10.0.40219.1
Project("{9A19103F-16F7-4668-BE54-9A1E7A4F7556}") = "DatingApp.API", "DatingApp.API.csproj", "{8F25E116-2609-494B-82B2-3DD07677F91A}"
EndProject
Global
	GlobalSection(SolutionConfigurationPlatforms) = preSolution
		Debug|Any CPU = Debug|Any CPU
		Release|Any CPU = Release|Any CPU
	EndGlobalSection
	GlobalSection(ProjectConfigurationPlatforms) = postSolution
		{8F25E116-2609-494B-82B2-3DD07677F91A}.Debug|Any CPU.ActiveCfg = Debug|Any CPU
		{8F25E116-2609-494B-82B2-3DD07677F91A}.Debug|Any CPU.Build.0 = Debug|Any CPU
		{8F25E116-2609-494B-82B2-3DD07677F91A}.Release|Any CPU.ActiveCfg = Release|Any CPU
		{8F25E116-2609-494B-82B2-3DD07677F91A}.Release|Any CPU.Build.0 = Release|Any CPU
	EndGlobalSection
	GlobalSection(SolutionProperties) = preSolution
		HideSolutionNode = FALSE
	EndGlobalSection
	GlobalSection(ExtensibilityGlobals) = postSolution
		SolutionGuid = {F990C216-17C0-4347-9D23-3C8927AACD04}
	EndGlobalSection
EndGlobal
